{
  "name": "Page-Ion-Imoveis",
  "lockfileVersion": 2,
  "requires": true,
  "packages": {
    "": {
      "dependencies": {
        "react-native-masked-text": "^1.12.5"
      }
    },
    "node_modules/moment": {
      "version": "2.19.3",
      "resolved": "https://registry.npmjs.org/moment/-/moment-2.19.3.tgz",
      "integrity": "sha512-SiZ1HUDMfBpfCzL1Hm1vxUFkYDbHx8/RiWBLF+5qoVWTlBGtR15+wVQB7eSD/0w3ueDxzojlX9LQtiKVpLMsFQ==",
      "engines": {
        "node": "*"
      }
    },
    "node_modules/react-native-masked-text": {
      "version": "1.12.5",
      "resolved": "https://registry.npmjs.org/react-native-masked-text/-/react-native-masked-text-1.12.5.tgz",
      "integrity": "sha512-lKGxeMbRW7c5pgGt6lSSsobIs5v3Gys8GHR4t5QDbHSJENDIOY97MWeucyhbuG+zJOhBo1XFIkCHkg5PsLU14g==",
      "dependencies": {
        "moment": "2.19.3",
        "tinymask": "^1.0.2"
      }
    },
    "node_modules/tinymask": {
      "version": "1.0.2",
      "resolved": "https://registry.npmjs.org/tinymask/-/tinymask-1.0.2.tgz",
      "integrity": "sha512-2FjNINAMq0s3e94ns2PuElOQZOt9QVgnrv0JZ8yNblwecyQDhVsSre6Rs+WJj/IHEcgdfYbDMP7zvECTfV/Xnw=="
    }
  },
  "dependencies": {
    "moment": {
      "version": "2.19.3",
      "resolved": "https://registry.npmjs.org/moment/-/moment-2.19.3.tgz",
      "integrity": "sha512-SiZ1HUDMfBpfCzL1Hm1vxUFkYDbHx8/RiWBLF+5qoVWTlBGtR15+wVQB7eSD/0w3ueDxzojlX9LQtiKVpLMsFQ=="
    },
    "react-native-masked-text": {
      "version": "1.12.5",
      "resolved": "https://registry.npmjs.org/react-native-masked-text/-/react-native-masked-text-1.12.5.tgz",
      "integrity": "sha512-lKGxeMbRW7c5pgGt6lSSsobIs5v3Gys8GHR4t5QDbHSJENDIOY97MWeucyhbuG+zJOhBo1XFIkCHkg5PsLU14g==",
      "requires": {
        "moment": "2.19.3",
        "tinymask": "^1.0.2"
      }
    },
    "tinymask": {
      "version": "1.0.2",
      "resolved": "https://registry.npmjs.org/tinymask/-/tinymask-1.0.2.tgz",
      "integrity": "sha512-2FjNINAMq0s3e94ns2PuElOQZOt9QVgnrv0JZ8yNblwecyQDhVsSre6Rs+WJj/IHEcgdfYbDMP7zvECTfV/Xnw=="
    }
  }
}
